{
  "pins" : [
    {
      "identity" : "facebook-ios-sdk",
      "kind" : "remoteSourceControl",
      "location" : "https://github.com/facebook/facebook-ios-sdk/",
      "state" : {
        "revision" : "c3d367656ae8ced1149c2c6a5e6b5dd91ecad63c",
        "version" : "9.3.0"
      }
    },
    {
      "identity" : "googleappmeasurement",
      "kind" : "remoteSourceControl",
      "location" : "https://github.com/google/GoogleAppMeasurement.git",
      "state" : {
        "revision" : "c1cfde8067668027b23a42c29d11c246152fe046",
        "version" : "9.6.0"
      }
    },
    {
      "identity" : "googlemobileads",
      "kind" : "remoteSourceControl",
      "location" : "https://github.com/quanghits/GoogleMobileAds",
      "state" : {
        "branch" : "main",
        "revision" : "271e6d6bc1d7756a88fe82df558145a264a34331"
      }
    },
    {
      "identity" : "googleusermessagingplatform",
      "kind" : "remoteSourceControl",
      "location" : "https://github.com/quanghits/GoogleUserMessagingPlatform.git",
      "state" : {
        "revision" : "f322d91b6b0497b727b228a5fa5b9394e7886d3a",
        "version" : "2.0.0"
      }
    },
    {
      "identity" : "googleutilities",
      "kind" : "remoteSourceControl",
      "location" : "https://github.com/google/GoogleUtilities.git",
      "state" : {
        "revision" : "c38ce365d77b04a9a300c31061c5227589e5597b",
        "version" : "7.11.5"
      }
    },
    {
      "identity" : "nanopb",
      "kind" : "remoteSourceControl",
      "location" : "https://github.com/firebase/nanopb.git",
      "state" : {
        "revision" : "819d0a2173aff699fb8c364b6fb906f7cdb1a692",
        "version" : "2.30909.0"
      }
    },
    {
      "identity" : "promises",
      "kind" : "remoteSourceControl",
      "location" : "https://github.com/google/promises.git",
      "state" : {
        "revision" : "e70e889c0196c76d22759eb50d6a0270ca9f1d9e",
        "version" : "2.3.1"
      }
    },
    {
      "identity" : "sheetkit",
      "kind" : "remoteSourceControl",
      "location" : "https://github.com/fatbobman/SheetKit",
      "state" : {
        "branch" : "main",
        "revision" : "daadabc0f142e2e96a210d19c436b8e2c4bdeb46"
      }
    }
  ],
  "version" : 2
}
